// !$*UTF8*$!
{
	archiveVersion = 1;
	classes = {
	};
	objectVersion = 46;
	objects = {

/* Begin PBXBuildFile section */
		4AF041B219C95CFD0024B0D5 /* Foundation.framework in Frameworks */ = {isa = PBXBuildFile; fileRef = 4AF041B119C95CFD0024B0D5 /* Foundation.framework */; };
		4AF041B419C95CFD0024B0D5 /* CoreGraphics.framework in Frameworks */ = {isa = PBXBuildFile; fileRef = 4AF041B319C95CFD0024B0D5 /* CoreGraphics.framework */; };
		4AF041B619C95CFD0024B0D5 /* UIKit.framework in Frameworks */ = {isa = PBXBuildFile; fileRef = 4AF041B519C95CFD0024B0D5 /* UIKit.framework */; };
		4AF041BC19C95CFD0024B0D5 /* InfoPlist.strings in Resources */ = {isa = PBXBuildFile; fileRef = 4AF041BA19C95CFD0024B0D5 /* InfoPlist.strings */; };
		4AF041BE19C95CFD0024B0D5 /* main.m in Sources */ = {isa = PBXBuildFile; fileRef = 4AF041BD19C95CFD0024B0D5 /* main.m */; };
		4AF041C219C95CFD0024B0D5 /* AppDelegate.m in Sources */ = {isa = PBXBuildFile; fileRef = 4AF041C119C95CFD0024B0D5 /* AppDelegate.m */; };
		4AF041C519C95CFD0024B0D5 /* Main.storyboard in Resources */ = {isa = PBXBuildFile; fileRef = 4AF041C319C95CFD0024B0D5 /* Main.storyboard */; };
		4AF041C819C95CFD0024B0D5 /* ViewController.m in Sources */ = {isa = PBXBuildFile; fileRef = 4AF041C719C95CFD0024B0D5 /* ViewController.m */; };
		4AF041CA19C95CFD0024B0D5 /* Images.xcassets in Resources */ = {isa = PBXBuildFile; fileRef = 4AF041C919C95CFD0024B0D5 /* Images.xcassets */; };
		4AF041D119C95CFD0024B0D5 /* XCTest.framework in Frameworks */ = {isa = PBXBuildFile; fileRef = 4AF041D019C95CFD0024B0D5 /* XCTest.framework */; };
		4AF041D219C95CFD0024B0D5 /* Foundation.framework in Frameworks */ = {isa = PBXBuildFile; fileRef = 4AF041B119C95CFD0024B0D5 /* Foundation.framework */; };
		4AF041D319C95CFD0024B0D5 /* UIKit.framework in Frameworks */ = {isa = PBXBuildFile; fileRef = 4AF041B519C95CFD0024B0D5 /* UIKit.framework */; };
		4AF041DB19C95CFD0024B0D5 /* InfoPlist.strings in Resources */ = {isa = PBXBuildFile; fileRef = 4AF041D919C95CFD0024B0D5 /* InfoPlist.strings */; };
		4AF041DD19C95CFD0024B0D5 /* SwizzleTestTests.m in Sources */ = {isa = PBXBuildFile; fileRef = 4AF041DC19C95CFD0024B0D5 /* SwizzleTestTests.m */; };
		4AF041E819C95D270024B0D5 /* NSArray+Swizzle.m in Sources */ = {isa = PBXBuildFile; fileRef = 4AF041E719C95D270024B0D5 /* NSArray+Swizzle.m */; };
/* End PBXBuildFile section */

/* Begin PBXContainerItemProxy section */
		4AF041D419C95CFD0024B0D5 /* PBXContainerItemProxy */ = {
			isa = PBXContainerItemProxy;
			containerPortal = 4AF041A619C95CFD0024B0D5 /* Project object */;
			proxyType = 1;
			remoteGlobalIDString = 4AF041AD19C95CFD0024B0D5;
			remoteInfo = SwizzleTest;
		};
/* End PBXContainerItemProxy section */

/* Begin PBXFileReference section */
		4AF041AE19C95CFD0024B0D5 /* SwizzleTest.app */ = {isa = PBXFileReference; explicitFileType = wrapper.application; includeInIndex = 0; path = SwizzleTest.app; sourceTree = BUILT_PRODUCTS_DIR; };
		4AF041B119C95CFD0024B0D5 /* Foundation.framework */ = {isa = PBXFileReference; lastKnownFileType = wrapper.framework; name = Foundation.framework; path = System/Library/Frameworks/Foundation.framework; sourceTree = SDKROOT; };
		4AF041B319C95CFD0024B0D5 /* CoreGraphics.framework */ = {isa = PBXFileReference; lastKnownFileType = wrapper.framework; name = CoreGraphics.framework; path = System/Library/Frameworks/CoreGraphics.framework; sourceTree = SDKROOT; };
		4AF041B519C95CFD0024B0D5 /* UIKit.framework */ = {isa = PBXFileReference; lastKnownFileType = wrapper.framework; name = UIKit.framework; path = System/Library/Frameworks/UIKit.framework; sourceTree = SDKROOT; };
		4AF041B919C95CFD0024B0D5 /* SwizzleTest-Info.plist */ = {isa = PBXFileReference; lastKnownFileType = text.plist.xml; path = "SwizzleTest-Info.plist"; sourceTree = "<group>"; };
		4AF041BB19C95CFD0024B0D5 /* en */ = {isa = PBXFileReference; lastKnownFileType = text.plist.strings; name = en; path = en.lproj/InfoPlist.strings; sourceTree = "<group>"; };
		4AF041BD19C95CFD0024B0D5 /* main.m */ = {isa = PBXFileReference; lastKnownFileType = sourcecode.c.objc; path = main.m; sourceTree = "<group>"; };
		4AF041BF19C95CFD0024B0D5 /* SwizzleTest-Prefix.pch */ = {isa = PBXFileReference; lastKnownFileType = sourcecode.c.h; path = "SwizzleTest-Prefix.pch"; sourceTree = "<group>"; };
		4AF041C019C95CFD0024B0D5 /* AppDelegate.h */ = {isa = PBXFileReference; lastKnownFileType = sourcecode.c.h; path = AppDelegate.h; sourceTree = "<group>"; };
		4AF041C119C95CFD0024B0D5 /* AppDelegate.m */ = {isa = PBXFileReference; lastKnownFileType = sourcecode.c.objc; path = AppDelegate.m; sourceTree = "<group>"; };
		4AF041C419C95CFD0024B0D5 /* Base */ = {isa = PBXFileReference; lastKnownFileType = file.storyboard; name = Base; path = Base.lproj/Main.storyboard; sourceTree = "<group>"; };
		4AF041C619C95CFD0024B0D5 /* ViewController.h */ = {isa = PBXFileReference; lastKnownFileType = sourcecode.c.h; path = ViewController.h; sourceTree = "<group>"; };
		4AF041C719C95CFD0024B0D5 /* ViewController.m */ = {isa = PBXFileReference; lastKnownFileType = sourcecode.c.objc; path = ViewController.m; sourceTree = "<group>"; };
		4AF041C919C95CFD0024B0D5 /* Images.xcassets */ = {isa = PBXFileReference; lastKnownFileType = folder.assetcatalog; path = Images.xcassets; sourceTree = "<group>"; };
		4AF041CF19C95CFD0024B0D5 /* SwizzleTestTests.xctest */ = {isa = PBXFileReference; explicitFileType = wrapper.cfbundle; includeInIndex = 0; path = SwizzleTestTests.xctest; sourceTree = BUILT_PRODUCTS_DIR; };
		4AF041D019C95CFD0024B0D5 /* XCTest.framework */ = {isa = PBXFileReference; lastKnownFileType = wrapper.framework; name = XCTest.framework; path = Library/Frameworks/XCTest.framework; sourceTree = DEVELOPER_DIR; };
		4AF041D819C95CFD0024B0D5 /* SwizzleTestTests-Info.plist */ = {isa = PBXFileReference; lastKnownFileType = text.plist.xml; path = "SwizzleTestTests-Info.plist"; sourceTree = "<group>"; };
		4AF041DA19C95CFD0024B0D5 /* en */ = {isa = PBXFileReference; lastKnownFileType = text.plist.strings; name = en; path = en.lproj/InfoPlist.strings; sourceTree = "<group>"; };
		4AF041DC19C95CFD0024B0D5 /* SwizzleTestTests.m */ = {isa = PBXFileReference; lastKnownFileType = sourcecode.c.objc; path = SwizzleTestTests.m; sourceTree = "<group>"; };
		4AF041E619C95D270024B0D5 /* NSArray+Swizzle.h */ = {isa = PBXFileReference; fileEncoding = 4; lastKnownFileType = sourcecode.c.h; path = "NSArray+Swizzle.h"; sourceTree = "<group>"; };
		4AF041E719C95D270024B0D5 /* NSArray+Swizzle.m */ = {isa = PBXFileReference; fileEncoding = 4; lastKnownFileType = sourcecode.c.objc; path = "NSArray+Swizzle.m"; sourceTree = "<group>"; };
/* End PBXFileReference section */

/* Begin PBXFrameworksBuildPhase section */
		4AF041AB19C95CFD0024B0D5 /* Frameworks */ = {
			isa = PBXFrameworksBuildPhase;
			buildActionMask = 2147483647;
			files = (
				4AF041B419C95CFD0024B0D5 /* CoreGraphics.framework in Frameworks */,
				4AF041B619C95CFD0024B0D5 /* UIKit.framework in Frameworks */,
				4AF041B219C95CFD0024B0D5 /* Foundation.framework in Frameworks */,
			);
			runOnlyForDeploymentPostprocessing = 0;
		};
		4AF041CC19C95CFD0024B0D5 /* Frameworks */ = {
			isa = PBXFrameworksBuildPhase;
			buildActionMask = 2147483647;
			files = (
				4AF041D119C95CFD0024B0D5 /* XCTest.framework in Frameworks */,
				4AF041D319C95CFD0024B0D5 /* UIKit.framework in Frameworks */,
				4AF041D219C95CFD0024B0D5 /* Foundation.framework in Frameworks */,
			);
			runOnlyForDeploymentPostprocessing = 0;
		};
/* End PBXFrameworksBuildPhase section */

/* Begin PBXGroup section */
		4AF041A519C95CFD0024B0D5 = {
			isa = PBXGroup;
			children = (
				4AF041B719C95CFD0024B0D5 /* SwizzleTest */,
				4AF041D619C95CFD0024B0D5 /* SwizzleTestTests */,
				4AF041B019C95CFD0024B0D5 /* Frameworks */,
				4AF041AF19C95CFD0024B0D5 /* Products */,
			);
			sourceTree = "<group>";
		};
		4AF041AF19C95CFD0024B0D5 /* Products */ = {
			isa = PBXGroup;
			children = (
				4AF041AE19C95CFD0024B0D5 /* SwizzleTest.app */,
				4AF041CF19C95CFD0024B0D5 /* SwizzleTestTests.xctest */,
			);
			name = Products;
			sourceTree = "<group>";
		};
		4AF041B019C95CFD0024B0D5 /* Frameworks */ = {
			isa = PBXGroup;
			children = (
				4AF041B119C95CFD0024B0D5 /* Foundation.framework */,
				4AF041B319C95CFD0024B0D5 /* CoreGraphics.framework */,
				4AF041B519C95CFD0024B0D5 /* UIKit.framework */,
				4AF041D019C95CFD0024B0D5 /* XCTest.framework */,
			);
			name = Frameworks;
			sourceTree = "<group>";
		};
		4AF041B719C95CFD0024B0D5 /* SwizzleTest */ = {
			isa = PBXGroup;
			children = (
				4AF041C019C95CFD0024B0D5 /* AppDelegate.h */,
				4AF041C119C95CFD0024B0D5 /* AppDelegate.m */,
				4AF041C319C95CFD0024B0D5 /* Main.storyboard */,
				4AF041C619C95CFD0024B0D5 /* ViewController.h */,
				4AF041C719C95CFD0024B0D5 /* ViewController.m */,
				4AF041E619C95D270024B0D5 /* NSArray+Swizzle.h */,
				4AF041E719C95D270024B0D5 /* NSArray+Swizzle.m */,
				4AF041C919C95CFD0024B0D5 /* Images.xcassets */,
				4AF041B819C95CFD0024B0D5 /* Supporting Files */,
			);
			path = SwizzleTest;
			sourceTree = "<group>";
		};
		4AF041B819C95CFD0024B0D5 /* Supporting Files */ = {
			isa = PBXGroup;
			children = (
				4AF041B919C95CFD0024B0D5 /* SwizzleTest-Info.plist */,
				4AF041BA19C95CFD0024B0D5 /* InfoPlist.strings */,
				4AF041BD19C95CFD0024B0D5 /* main.m */,
				4AF041BF19C95CFD0024B0D5 /* SwizzleTest-Prefix.pch */,
			);
			name = "Supporting Files";
			sourceTree = "<group>";
		};
		4AF041D619C95CFD0024B0D5 /* SwizzleTestTests */ = {
			isa = PBXGroup;
			children = (
				4AF041DC19C95CFD0024B0D5 /* SwizzleTestTests.m */,
				4AF041D719C95CFD0024B0D5 /* Supporting Files */,
			);
			path = SwizzleTestTests;
			sourceTree = "<group>";
		};
		4AF041D719C95CFD0024B0D5 /* Supporting Files */ = {
			isa = PBXGroup;
			children = (
				4AF041D819C95CFD0024B0D5 /* SwizzleTestTests-Info.plist */,
				4AF041D919C95CFD0024B0D5 /* InfoPlist.strings */,
			);
			name = "Supporting Files";
			sourceTree = "<group>";
		};
/* End PBXGroup section */

/* Begin PBXNativeTarget section */
		4AF041AD19C95CFD0024B0D5 /* SwizzleTest */ = {
			isa = PBXNativeTarget;
			buildConfigurationList = 4AF041E019C95CFD0024B0D5 /* Build configuration list for PBXNativeTarget "SwizzleTest" */;
			buildPhases = (
				4AF041AA19C95CFD0024B0D5 /* Sources */,
				4AF041AB19C95CFD0024B0D5 /* Frameworks */,
				4AF041AC19C95CFD0024B0D5 /* Resources */,
			);
			buildRules = (
			);
			dependencies = (
			);
			name = SwizzleTest;
			productName = SwizzleTest;
			productReference = 4AF041AE19C95CFD0024B0D5 /* SwizzleTest.app */;
			productType = "com.apple.product-type.application";
		};
		4AF041CE19C95CFD0024B0D5 /* SwizzleTestTests */ = {
			isa = PBXNativeTarget;
			buildConfigurationList = 4AF041E319C95CFD0024B0D5 /* Build configuration list for PBXNativeTarget "SwizzleTestTests" */;
			buildPhases = (
				4AF041CB19C95CFD0024B0D5 /* Sources */,
				4AF041CC19C95CFD0024B0D5 /* Frameworks */,
				4AF041CD19C95CFD0024B0D5 /* Resources */,
			);
			buildRules = (
			);
			dependencies = (
				4AF041D519C95CFD0024B0D5 /* PBXTargetDependency */,
			);
			name = SwizzleTestTests;
			productName = SwizzleTestTests;
			productReference = 4AF041CF19C95CFD0024B0D5 /* SwizzleTestTests.xctest */;
			productType = "com.apple.product-type.bundle.unit-test";
		};
/* End PBXNativeTarget section */

/* Begin PBXProject section */
		4AF041A619C95CFD0024B0D5 /* Project object */ = {
			isa = PBXProject;
			attributes = {
				LastUpgradeCheck = 0510;
				ORGANIZATIONNAME = sjpsega;
				TargetAttributes = {
					4AF041CE19C95CFD0024B0D5 = {
						TestTargetID = 4AF041AD19C95CFD0024B0D5;
					};
				};
			};
			buildConfigurationList = 4AF041A919C95CFD0024B0D5 /* Build configuration list for PBXProject "SwizzleTest" */;
			compatibilityVersion = "Xcode 3.2";
			developmentRegion = English;
			hasScannedForEncodings = 0;
			knownRegions = (
				en,
				Base,
			);
			mainGroup = 4AF041A519C95CFD0024B0D5;
			productRefGroup = 4AF041AF19C95CFD0024B0D5 /* Products */;
			projectDirPath = "";
			projectRoot = "";
			targets = (
				4AF041AD19C95CFD0024B0D5 /* SwizzleTest */,
				4AF041CE19C95CFD0024B0D5 /* SwizzleTestTests */,
			);
		};
/* End PBXProject section */

/* Begin PBXResourcesBuildPhase section */
		4AF041AC19C95CFD0024B0D5 /* Resources */ = {
			isa = PBXResourcesBuildPhase;
			buildActionMask = 2147483647;
			files = (
				4AF041CA19C95CFD0024B0D5 /* Images.xcassets in Resources */,
				4AF041BC19C95CFD0024B0D5 /* InfoPlist.strings in Resources */,
				4AF041C519C95CFD0024B0D5 /* Main.storyboard in Resources */,
			);
			runOnlyForDeploymentPostprocessing = 0;
		};
		4AF041CD19C95CFD0024B0D5 /* Resources */ = {
			isa = PBXResourcesBuildPhase;
			buildActionMask = 2147483647;
			files = (
				4AF041DB19C95CFD0024B0D5 /* InfoPlist.strings in Resources */,
			);
			runOnlyForDeploymentPostprocessing = 0;
		};
/* End PBXResourcesBuildPhase section */

/* Begin PBXSourcesBuildPhase section */
		4AF041AA19C95CFD0024B0D5 /* Sources */ = {
			isa = PBXSourcesBuildPhase;
			buildActionMask = 2147483647;
			files = (
				4AF041C819C95CFD0024B0D5 /* ViewController.m in Sources */,
				4AF041C219C95CFD0024B0D5 /* AppDelegate.m in Sources */,
				4AF041BE19C95CFD0024B0D5 /* main.m in Sources */,
				4AF041E819C95D270024B0D5 /* NSArray+Swizzle.m in Sources */,
			);
			runOnlyForDeploymentPostprocessing = 0;
		};
		4AF041CB19C95CFD0024B0D5 /* Sources */ = {
			isa = PBXSourcesBuildPhase;
			buildActionMask = 2147483647;
			files = (
				4AF041DD19C95CFD0024B0D5 /* SwizzleTestTests.m in Sources */,
			);
			runOnlyForDeploymentPostprocessing = 0;
		};
/* End PBXSourcesBuildPhase section */

/* Begin PBXTargetDependency section */
		4AF041D519C95CFD0024B0D5 /* PBXTargetDependency */ = {
			isa = PBXTargetDependency;
			target = 4AF041AD19C95CFD0024B0D5 /* SwizzleTest */;
			targetProxy = 4AF041D419C95CFD0024B0D5 /* PBXContainerItemProxy */;
		};
/* End PBXTargetDependency section */

/* Begin PBXVariantGroup section */
		4AF041BA19C95CFD0024B0D5 /* InfoPlist.strings */ = {
			isa = PBXVariantGroup;
			children = (
				4AF041BB19C95CFD0024B0D5 /* en */,
			);
			name = InfoPlist.strings;
			sourceTree = "<group>";
		};
		4AF041C319C95CFD0024B0D5 /* Main.storyboard */ = {
			isa = PBXVariantGroup;
			children = (
				4AF041C419C95CFD0024B0D5 /* Base */,
			);
			name = Main.storyboard;
			sourceTree = "<group>";
		};
		4AF041D919C95CFD0024B0D5 /* InfoPlist.strings */ = {
			isa = PBXVariantGroup;
			children = (
				4AF041DA19C95CFD0024B0D5 /* en */,
			);
			name = InfoPlist.strings;
			sourceTree = "<group>";
		};
/* End PBXVariantGroup section */

/* Begin XCBuildConfiguration section */
		4AF041DE19C95CFD0024B0D5 /* Debug */ = {
			isa = XCBuildConfiguration;
			buildSettings = {
				ALWAYS_SEARCH_USER_PATHS = NO;
				CLANG_CXX_LANGUAGE_STANDARD = "gnu++0x";
				CLANG_CXX_LIBRARY = "libc++";
				CLANG_ENABLE_MODULES = YES;
				CLANG_ENABLE_OBJC_ARC = YES;
				CLANG_WARN_BOOL_CONVERSION = YES;
				CLANG_WARN_CONSTANT_CONVERSION = YES;
				CLANG_WARN_DIRECT_OBJC_ISA_USAGE = YES_ERROR;
				CLANG_WARN_EMPTY_BODY = YES;
				CLANG_WARN_ENUM_CONVERSION = YES;
				CLANG_WARN_INT_CONVERSION = YES;
				CLANG_WARN_OBJC_ROOT_CLASS = YES_ERROR;
				CLANG_WARN__DUPLICATE_METHOD_MATCH = YES;
				"CODE_SIGN_IDENTITY[sdk=iphoneos*]" = "iPhone Developer";
				COPY_PHASE_STRIP = NO;
				GCC_C_LANGUAGE_STANDARD = gnu99;
				GCC_DYNAMIC_NO_PIC = NO;
				GCC_OPTIMIZATION_LEVEL = 0;
				GCC_PREPROCESSOR_DEFINITIONS = (
					"DEBUG=1",
					"$(inherited)",
				);
				GCC_SYMBOLS_PRIVATE_EXTERN = NO;
				GCC_WARN_64_TO_32_BIT_CONVERSION = YES;
				GCC_WARN_ABOUT_RETURN_TYPE = YES_ERROR;
				GCC_WARN_UNDECLARED_SELECTOR = YES;
				GCC_WARN_UNINITIALIZED_AUTOS = YES_AGGRESSIVE;
				GCC_WARN_UNUSED_FUNCTION = YES;
				GCC_WARN_UNUSED_VARIABLE = YES;
				IPHONEOS_DEPLOYMENT_TARGET = 7.1;
				ONLY_ACTIVE_ARCH = YES;
				SDKROOT = iphoneos;
			};
			name = Debug;
		};
		4AF041DF19C95CFD0024B0D5 /* Release */ = {
			isa = XCBuildConfiguration;
			buildSettings = {
				ALWAYS_SEARCH_USER_PATHS = NO;
				CLANG_CXX_LANGUAGE_STANDARD = "gnu++0x";
				CLANG_CXX_LIBRARY = "libc++";
				CLANG_ENABLE_MODULES = YES;
				CLANG_ENABLE_OBJC_ARC = YES;
				CLANG_WARN_BOOL_CONVERSION = YES;
				CLANG_WARN_CONSTANT_CONVERSION = YES;
				CLANG_WARN_DIRECT_OBJC_ISA_USAGE = YES_ERROR;
				CLANG_WARN_EMPTY_BODY = YES;
				CLANG_WARN_ENUM_CONVERSION = YES;
				CLANG_WARN_INT_CONVERSION = YES;
				CLANG_WARN_OBJC_ROOT_CLASS = YES_ERROR;
				CLANG_WARN__DUPLICATE_METHOD_MATCH = YES;
				"CODE_SIGN_IDENTITY[sdk=iphoneos*]" = "iPhone Developer";
				COPY_PHASE_STRIP = YES;
				ENABLE_NS_ASSERTIONS = NO;
				GCC_C_LANGUAGE_STANDARD = gnu99;
				GCC_WARN_64_TO_32_BIT_CONVERSION = YES;
				GCC_WARN_ABOUT_RETURN_TYPE = YES_ERROR;
				GCC_WARN_UNDECLARED_SELECTOR = YES;
				GCC_WARN_UNINITIALIZED_AUTOS = YES_AGGRESSIVE;
				GCC_WARN_UNUSED_FUNCTION = YES;
				GCC_WARN_UNUSED_VARIABLE = YES;
				IPHONEOS_DEPLOYMENT_TARGET = 7.1;
				SDKROOT = iphoneos;
				VALIDATE_PRODUCT = YES;
			};
			name = Release;
		};
		4AF041E119C95CFD0024B0D5 /* Debug */ = {
			isa = XCBuildConfiguration;
			buildSettings = {
				ASSETCATALOG_COMPILER_APPICON_NAME = AppIcon;
				ASSETCATALOG_COMPILER_LAUNCHIMAGE_NAME = LaunchImage;
				GCC_PRECOMPILE_PREFIX_HEADER = YES;
				GCC_PREFIX_HEADER = "SwizzleTest/SwizzleTest-Prefix.pch";
				INFOPLIST_FILE = "SwizzleTest/SwizzleTest-Info.plist";
				PRODUCT_NAME = "$(TARGET_NAME)";
				WRAPPER_EXTENSION = app;
			};
			name = Debug;
		};
		4AF041E219C95CFD0024B0D5 /* Release */ = {
			isa = XCBuildConfiguration;
			buildSettings = {
				ASSETCATALOG_COMPILER_APPICON_NAME = AppIcon;
				ASSETCATALOG_COMPILER_LAUNCHIMAGE_NAME = LaunchImage;
				GCC_PRECOMPILE_PREFIX_HEADER = YES;
				GCC_PREFIX_HEADER = "SwizzleTest/SwizzleTest-Prefix.pch";
				INFOPLIST_FILE = "SwizzleTest/SwizzleTest-Info.plist";
				PRODUCT_NAME = "$(TARGET_NAME)";
				WRAPPER_EXTENSION = app;
			};
			name = Release;
		};
		4AF041E419C95CFD0024B0D5 /* Debug */ = {
			isa = XCBuildConfiguration;
			buildSettings = {
				BUNDLE_LOADER = "$(BUILT_PRODUCTS_DIR)/SwizzleTest.app/SwizzleTest";
				FRAMEWORK_SEARCH_PATHS = (
					"$(SDKROOT)/Developer/Library/Frameworks",
					"$(inherited)",
					"$(DEVELOPER_FRAMEWORKS_DIR)",
				);
				GCC_PRECOMPILE_PREFIX_HEADER = YES;
				GCC_PREFIX_HEADER = "SwizzleTest/SwizzleTest-Prefix.pch";
				GCC_PREPROCESSOR_DEFINITIONS = (
					"DEBUG=1",
					"$(inherited)",
				);
				INFOPLIST_FILE = "SwizzleTestTests/SwizzleTestTests-Info.plist";
				PRODUCT_NAME = "$(TARGET_NAME)";
				TEST_HOST = "$(BUNDLE_LOADER)";
				WRAPPER_EXTENSION = xctest;
			};
			name = Debug;
		};
		4AF041E519C95CFD0024B0D5 /* Release */ = {
			isa = XCBuildConfiguration;
			buildSettings = {
				BUNDLE_LOADER = "$(BUILT_PRODUCTS_DIR)/SwizzleTest.app/SwizzleTest";
				FRAMEWORK_SEARCH_PATHS = (
					"$(SDKROOT)/Developer/Library/Frameworks",
					"$(inherited)",
					"$(DEVELOPER_FRAMEWORKS_DIR)",
				);
				GCC_PRECOMPILE_PREFIX_HEADER = YES;
				GCC_PREFIX_HEADER = "SwizzleTest/SwizzleTest-Prefix.pch";
				INFOPLIST_FILE = "SwizzleTestTests/SwizzleTestTests-Info.plist";
				PRODUCT_NAME = "$(TARGET_NAME)";
				TEST_HOST = "$(BUNDLE_LOADER)";
				WRAPPER_EXTENSION = xctest;
			};
			name = Release;
		};
/* End XCBuildConfiguration section */

/* Begin XCConfigurationList section */
		4AF041A919C95CFD0024B0D5 /* Build configuration list for PBXProject "SwizzleTest" */ = {
			isa = XCConfigurationList;
			buildConfigurations = (
				4AF041DE19C95CFD0024B0D5 /* Debug */,
				4AF041DF19C95CFD0024B0D5 /* Release */,
			);
			defaultConfigurationIsVisible = 0;
			defaultConfigurationName = Release;
		};
		4AF041E019C95CFD0024B0D5 /* Build configuration list for PBXNativeTarget "SwizzleTest" */ = {
			isa = XCConfigurationList;
			buildConfigurations = (
				4AF041E119C95CFD0024B0D5 /* Debug */,
				4AF041E219C95CFD0024B0D5 /* Release */,
			);
			defaultConfigurationIsVisible = 0;
			defaultConfigurationName = Release;
		};
		4AF041E319C95CFD0024B0D5 /* Build configuration list for PBXNativeTarget "SwizzleTestTests" */ = {
			isa = XCConfigurationList;
			buildConfigurations = (
				4AF041E419C95CFD0024B0D5 /* Debug */,
				4AF041E519C95CFD0024B0D5 /* Release */,
			);
			defaultConfigurationIsVisible = 0;
			defaultConfigurationName = Release;
		};
/* End XCConfigurationList section */
	};
	rootObject = 4AF041A619C95CFD0024B0D5 /* Project object */;
}
